
Microsoft Visual Studio Solution File, Format Version 12.00
# Visual Studio Version 17
VisualStudioVersion = 17.3.32819.101
MinimumVisualStudioVersion = 10.0.40219.1
Project("{FAE04EC0-301F-11D3-BF4B-00C04F79EFBC}") = "Case.Domain", "Case.Domain\Case.Domain.csproj", "{FB68EDE6-06B9-4A49-A86A-C381C68A3CE1}"
EndProject
Project("{FAE04EC0-301F-11D3-BF4B-00C04F79EFBC}") = "Case.Application", "Case.Application\Case.Application.csproj", "{3F495A01-458C-4BE2-8F82-E30C45C5CEC0}"
EndProject
Project("{FAE04EC0-301F-11D3-BF4B-00C04F79EFBC}") = "Case.Infrastructure", "Case.Infrastructure\Case.Infrastructure.csproj", "{0105893E-9DFA-4AA3-A530-18FD1E87CC6F}"
EndProject
Project("{FAE04EC0-301F-11D3-BF4B-00C04F79EFBC}") = "Case.Api", "Case.Api\Case.Api.csproj", "{592142F5-341A-4913-A59D-B825A886352D}"
EndProject
Project("{2150E333-8FDC-42A3-9474-1A3956D46DE8}") = "src", "src", "{F8AAF862-3118-440C-8CBF-DA2419331BFE}"
EndProject
Project("{2150E333-8FDC-42A3-9474-1A3956D46DE8}") = "tests", "tests", "{D2421202-572F-4092-8497-7883EBCA92B5}"
EndProject
Project("{FAE04EC0-301F-11D3-BF4B-00C04F79EFBC}") = "Case.Tests", "..\tests\Case.Tests\Case.Tests.csproj", "{DFF4D7C0-D055-4673-BB96-2A425E3C048F}"
EndProject
Global
	GlobalSection(SolutionConfigurationPlatforms) = preSolution
		Debug|Any CPU = Debug|Any CPU
		Release|Any CPU = Release|Any CPU
	EndGlobalSection
	GlobalSection(ProjectConfigurationPlatforms) = postSolution
		{FB68EDE6-06B9-4A49-A86A-C381C68A3CE1}.Debug|Any CPU.ActiveCfg = Debug|Any CPU
		{FB68EDE6-06B9-4A49-A86A-C381C68A3CE1}.Debug|Any CPU.Build.0 = Debug|Any CPU
		{FB68EDE6-06B9-4A49-A86A-C381C68A3CE1}.Release|Any CPU.ActiveCfg = Release|Any CPU
		{FB68EDE6-06B9-4A49-A86A-C381C68A3CE1}.Release|Any CPU.Build.0 = Release|Any CPU
		{3F495A01-458C-4BE2-8F82-E30C45C5CEC0}.Debug|Any CPU.ActiveCfg = Debug|Any CPU
		{3F495A01-458C-4BE2-8F82-E30C45C5CEC0}.Debug|Any CPU.Build.0 = Debug|Any CPU
		{3F495A01-458C-4BE2-8F82-E30C45C5CEC0}.Release|Any CPU.ActiveCfg = Release|Any CPU
		{3F495A01-458C-4BE2-8F82-E30C45C5CEC0}.Release|Any CPU.Build.0 = Release|Any CPU
		{0105893E-9DFA-4AA3-A530-18FD1E87CC6F}.Debug|Any CPU.ActiveCfg = Debug|Any CPU
		{0105893E-9DFA-4AA3-A530-18FD1E87CC6F}.Debug|Any CPU.Build.0 = Debug|Any CPU
		{0105893E-9DFA-4AA3-A530-18FD1E87CC6F}.Release|Any CPU.ActiveCfg = Release|Any CPU
		{0105893E-9DFA-4AA3-A530-18FD1E87CC6F}.Release|Any CPU.Build.0 = Release|Any CPU
		{592142F5-341A-4913-A59D-B825A886352D}.Debug|Any CPU.ActiveCfg = Debug|Any CPU
		{592142F5-341A-4913-A59D-B825A886352D}.Debug|Any CPU.Build.0 = Debug|Any CPU
		{592142F5-341A-4913-A59D-B825A886352D}.Release|Any CPU.ActiveCfg = Release|Any CPU
		{592142F5-341A-4913-A59D-B825A886352D}.Release|Any CPU.Build.0 = Release|Any CPU
		{DFF4D7C0-D055-4673-BB96-2A425E3C048F}.Debug|Any CPU.ActiveCfg = Debug|Any CPU
		{DFF4D7C0-D055-4673-BB96-2A425E3C048F}.Debug|Any CPU.Build.0 = Debug|Any CPU
		{DFF4D7C0-D055-4673-BB96-2A425E3C048F}.Release|Any CPU.ActiveCfg = Release|Any CPU
		{DFF4D7C0-D055-4673-BB96-2A425E3C048F}.Release|Any CPU.Build.0 = Release|Any CPU
	EndGlobalSection
	GlobalSection(SolutionProperties) = preSolution
		HideSolutionNode = FALSE
	EndGlobalSection
	GlobalSection(NestedProjects) = preSolution
		{FB68EDE6-06B9-4A49-A86A-C381C68A3CE1} = {F8AAF862-3118-440C-8CBF-DA2419331BFE}
		{3F495A01-458C-4BE2-8F82-E30C45C5CEC0} = {F8AAF862-3118-440C-8CBF-DA2419331BFE}
		{0105893E-9DFA-4AA3-A530-18FD1E87CC6F} = {F8AAF862-3118-440C-8CBF-DA2419331BFE}
		{592142F5-341A-4913-A59D-B825A886352D} = {F8AAF862-3118-440C-8CBF-DA2419331BFE}
		{DFF4D7C0-D055-4673-BB96-2A425E3C048F} = {D2421202-572F-4092-8497-7883EBCA92B5}
	EndGlobalSection
	GlobalSection(ExtensibilityGlobals) = postSolution
		SolutionGuid = {81553FF0-69A3-498F-89C9-F359084B0AB9}
	EndGlobalSection
EndGlobal
